<?xml version="1.0" encoding="utf-8"?>
<Project ToolsVersion="15.0" xmlns="http://schemas.microsoft.com/developer/msbuild/2003">
  <ItemGroup>
    <ClCompile Include="build_log_test.cc">
      <Filter>Source Files</Filter>
    </ClCompile>
    <ClCompile Include="build_test.cc">
      <Filter>Source Files</Filter>
    </ClCompile>
    <ClCompile Include="clean_test.cc">
      <Filter>Source Files</Filter>
    </ClCompile>
    <ClCompile Include="clparser_test.cc">
      <Filter>Source Files</Filter>
    </ClCompile>
    <ClCompile Include="depfile_parser_test.cc">
      <Filter>Source Files</Filter>
    </ClCompile>
    <ClCompile Include="deps_log_test.cc">
      <Filter>Source Files</Filter>
    </ClCompile>
    <ClCompile Include="disk_interface_test.cc">
      <Filter>Source Files</Filter>
    </ClCompile>
    <ClCompile Include="dyndep_parser_test.cc">
      <Filter>Source Files</Filter>
    </ClCompile>
    <ClCompile Include="edit_distance_test.cc">
      <Filter>Source Files</Filter>
    </ClCompile>
    <ClCompile Include="graph_test.cc">
      <Filter>Source Files</Filter>
    </ClCompile>
    <ClCompile Include="json_test.cc">
      <Filter>Source Files</Filter>
    </ClCompile>
    <ClCompile Include="lexer_test.cc">
      <Filter>Source Files</Filter>
    </ClCompile>
    <ClCompile Include="manifest_parser_test.cc">
      <Filter>Source Files</Filter>
    </ClCompile>
    <ClCompile Include="missing_deps_test.cc">
      <Filter>Source Files</Filter>
    </ClCompile>
    <ClCompile Include="ninja_test.cc">
      <Filter>Source Files</Filter>
    </ClCompile>
    <ClCompile Include="state_test.cc">
      <Filter>Source Files</Filter>
    </ClCompile>
    <ClCompile Include="string_piece_util_test.cc">
      <Filter>Source Files</Filter>
    </ClCompile>
    <ClCompile Include="subprocess_test.cc">
      <Filter>Source Files</Filter>
    </ClCompile>
    <ClCompile Include="test.cc">
      <Filter>Source Files</Filter>
    </ClCompile>
    <ClCompile Include="util_test.cc">
      <Filter>Source Files</Filter>
    </ClCompile>
    <ClCompile Include="includes_normalize_test.cc">
      <Filter>Source Files</Filter>
    </ClCompile>
    <ClCompile Include="msvc_helper_test.cc">
      <Filter>Source Files</Filter>
    </ClCompile>
  </ItemGroup>

  <ItemGroup>

    <Filter Include="Source Files">
      <UniqueIdentifier>{1DCB3DEC-5E77-3F40-9C07-F241500FABFD}</UniqueIdentifier>
    </Filter>
  </ItemGroup>
</Project>
